// !$*UTF8*$!
{
	archiveVersion = 1;
	classes = {
	};
	objectVersion = 56;
	objects = {

/* Begin PBXBuildFile section */
		A03432212ACE88C60007E564 /* SnackShopApp.swift in Sources */ = {isa = PBXBuildFile; fileRef = A03432202ACE88C60007E564 /* SnackShopApp.swift */; };
		A03432232ACE88C60007E564 /* ContentView.swift in Sources */ = {isa = PBXBuildFile; fileRef = A03432222ACE88C60007E564 /* ContentView.swift */; };
		A03432252ACE88C80007E564 /* Assets.xcassets in Resources */ = {isa = PBXBuildFile; fileRef = A03432242ACE88C80007E564 /* Assets.xcassets */; };
		A03432282ACE88C80007E564 /* Preview Assets.xcassets in Resources */ = {isa = PBXBuildFile; fileRef = A03432272ACE88C80007E564 /* Preview Assets.xcassets */; };
		A03432302ACE88F90007E564 /* CategoryModel.swift in Sources */ = {isa = PBXBuildFile; fileRef = A034322F2ACE88F90007E564 /* CategoryModel.swift */; };
		A03432322ACE90E60007E564 /* ProductModel.swift in Sources */ = {isa = PBXBuildFile; fileRef = A03432312ACE90E60007E564 /* ProductModel.swift */; };
		A03432352ACE948D0007E564 /* Home.swift in Sources */ = {isa = PBXBuildFile; fileRef = A03432342ACE948C0007E564 /* Home.swift */; };
		A03432372ACEAACF0007E564 /* CollectionView.swift in Sources */ = {isa = PBXBuildFile; fileRef = A03432362ACEAACF0007E564 /* CollectionView.swift */; };
		A03432392ACEAC9B0007E564 /* CartView.swift in Sources */ = {isa = PBXBuildFile; fileRef = A03432382ACEAC9B0007E564 /* CartView.swift */; };
		A034323B2ACEBA1E0007E564 /* CartManager.swift in Sources */ = {isa = PBXBuildFile; fileRef = A034323A2ACEBA1E0007E564 /* CartManager.swift */; };
/* End PBXBuildFile section */

/* Begin PBXFileReference section */
		A034321D2ACE88C60007E564 /* SnackShop.app */ = {isa = PBXFileReference; explicitFileType = wrapper.application; includeInIndex = 0; path = SnackShop.app; sourceTree = BUILT_PRODUCTS_DIR; };
		A03432202ACE88C60007E564 /* SnackShopApp.swift */ = {isa = PBXFileReference; lastKnownFileType = sourcecode.swift; path = SnackShopApp.swift; sourceTree = "<group>"; };
		A03432222ACE88C60007E564 /* ContentView.swift */ = {isa = PBXFileReference; lastKnownFileType = sourcecode.swift; path = ContentView.swift; sourceTree = "<group>"; };
		A03432242ACE88C80007E564 /* Assets.xcassets */ = {isa = PBXFileReference; lastKnownFileType = folder.assetcatalog; path = Assets.xcassets; sourceTree = "<group>"; };
		A03432272ACE88C80007E564 /* Preview Assets.xcassets */ = {isa = PBXFileReference; lastKnownFileType = folder.assetcatalog; path = "Preview Assets.xcassets"; sourceTree = "<group>"; };
		A034322F2ACE88F90007E564 /* CategoryModel.swift */ = {isa = PBXFileReference; lastKnownFileType = sourcecode.swift; path = CategoryModel.swift; sourceTree = "<group>"; };
		A03432312ACE90E60007E564 /* ProductModel.swift */ = {isa = PBXFileReference; lastKnownFileType = sourcecode.swift; path = ProductModel.swift; sourceTree = "<group>"; };
		A03432342ACE948C0007E564 /* Home.swift */ = {isa = PBXFileReference; lastKnownFileType = sourcecode.swift; path = Home.swift; sourceTree = "<group>"; };
		A03432362ACEAACF0007E564 /* CollectionView.swift */ = {isa = PBXFileReference; lastKnownFileType = sourcecode.swift; path = CollectionView.swift; sourceTree = "<group>"; };
		A03432382ACEAC9B0007E564 /* CartView.swift */ = {isa = PBXFileReference; lastKnownFileType = sourcecode.swift; path = CartView.swift; sourceTree = "<group>"; };
		A034323A2ACEBA1E0007E564 /* CartManager.swift */ = {isa = PBXFileReference; lastKnownFileType = sourcecode.swift; path = CartManager.swift; sourceTree = "<group>"; };
/* End PBXFileReference section */

/* Begin PBXFrameworksBuildPhase section */
		A034321A2ACE88C60007E564 /* Frameworks */ = {
			isa = PBXFrameworksBuildPhase;
			buildActionMask = 2147483647;
			files = (
			);
			runOnlyForDeploymentPostprocessing = 0;
		};
/* End PBXFrameworksBuildPhase section */

/* Begin PBXGroup section */
		A03432142ACE88C60007E564 = {
			isa = PBXGroup;
			children = (
				A034321F2ACE88C60007E564 /* SnackShop */,
				A034321E2ACE88C60007E564 /* Products */,
			);
			sourceTree = "<group>";
		};
		A034321E2ACE88C60007E564 /* Products */ = {
			isa = PBXGroup;
			children = (
				A034321D2ACE88C60007E564 /* SnackShop.app */,
			);
			name = Products;
			sourceTree = "<group>";
		};
		A034321F2ACE88C60007E564 /* SnackShop */ = {
			isa = PBXGroup;
			children = (
				A034322E2ACE88E40007E564 /* Model */,
				A03432332ACE947A0007E564 /* View */,
				A03432202ACE88C60007E564 /* SnackShopApp.swift */,
				A03432222ACE88C60007E564 /* ContentView.swift */,
				A034323A2ACEBA1E0007E564 /* CartManager.swift */,
				A03432242ACE88C80007E564 /* Assets.xcassets */,
				A03432262ACE88C80007E564 /* Preview Content */,
			);
			path = SnackShop;
			sourceTree = "<group>";
		};
		A03432262ACE88C80007E564 /* Preview Content */ = {
			isa = PBXGroup;
			children = (
				A03432272ACE88C80007E564 /* Preview Assets.xcassets */,
			);
			path = "Preview Content";
			sourceTree = "<group>";
		};
		A034322E2ACE88E40007E564 /* Model */ = {
			isa = PBXGroup;
			children = (
				A034322F2ACE88F90007E564 /* CategoryModel.swift */,
				A03432312ACE90E60007E564 /* ProductModel.swift */,
			);
			path = Model;
			sourceTree = "<group>";
		};
		A03432332ACE947A0007E564 /* View */ = {
			isa = PBXGroup;
			children = (
				A03432342ACE948C0007E564 /* Home.swift */,
				A03432362ACEAACF0007E564 /* CollectionView.swift */,
				A03432382ACEAC9B0007E564 /* CartView.swift */,
			);
			path = View;
			sourceTree = "<group>";
		};
/* End PBXGroup section */

/* Begin PBXNativeTarget section */
		A034321C2ACE88C60007E564 /* SnackShop */ = {
			isa = PBXNativeTarget;
			buildConfigurationList = A034322B2ACE88C80007E564 /* Build configuration list for PBXNativeTarget "SnackShop" */;
			buildPhases = (
				A03432192ACE88C60007E564 /* Sources */,
				A034321A2ACE88C60007E564 /* Frameworks */,
				A034321B2ACE88C60007E564 /* Resources */,
			);
			buildRules = (
			);
			dependencies = (
			);
			name = SnackShop;
			productName = SnackShop;
			productReference = A034321D2ACE88C60007E564 /* SnackShop.app */;
			productType = "com.apple.product-type.application";
		};
/* End PBXNativeTarget section */

/* Begin PBXProject section */
		A03432152ACE88C60007E564 /* Project object */ = {
			isa = PBXProject;
			attributes = {
				BuildIndependentTargetsInParallel = 1;
				LastSwiftUpdateCheck = 1500;
				LastUpgradeCheck = 1500;
				TargetAttributes = {
					A034321C2ACE88C60007E564 = {
						CreatedOnToolsVersion = 15.0;
					};
				};
			};
			buildConfigurationList = A03432182ACE88C60007E564 /* Build configuration list for PBXProject "SnackShop" */;
			compatibilityVersion = "Xcode 14.0";
			developmentRegion = en;
			hasScannedForEncodings = 0;
			knownRegions = (
				en,
				Base,
			);
			mainGroup = A03432142ACE88C60007E564;
			productRefGroup = A034321E2ACE88C60007E564 /* Products */;
			projectDirPath = "";
			projectRoot = "";
			targets = (
				A034321C2ACE88C60007E564 /* SnackShop */,
			);
		};
/* End PBXProject section */

/* Begin PBXResourcesBuildPhase section */
		A034321B2ACE88C60007E564 /* Resources */ = {
			isa = PBXResourcesBuildPhase;
			buildActionMask = 2147483647;
			files = (
				A03432282ACE88C80007E564 /* Preview Assets.xcassets in Resources */,
				A03432252ACE88C80007E564 /* Assets.xcassets in Resources */,
			);
			runOnlyForDeploymentPostprocessing = 0;
		};
/* End PBXResourcesBuildPhase section */

/* Begin PBXSourcesBuildPhase section */
		A03432192ACE88C60007E564 /* Sources */ = {
			isa = PBXSourcesBuildPhase;
			buildActionMask = 2147483647;
			files = (
				A03432372ACEAACF0007E564 /* CollectionView.swift in Sources */,
				A034323B2ACEBA1E0007E564 /* CartManager.swift in Sources */,
				A03432392ACEAC9B0007E564 /* CartView.swift in Sources */,
				A03432232ACE88C60007E564 /* ContentView.swift in Sources */,
				A03432302ACE88F90007E564 /* CategoryModel.swift in Sources */,
				A03432352ACE948D0007E564 /* Home.swift in Sources */,
				A03432212ACE88C60007E564 /* SnackShopApp.swift in Sources */,
				A03432322ACE90E60007E564 /* ProductModel.swift in Sources */,
			);
			runOnlyForDeploymentPostprocessing = 0;
		};
/* End PBXSourcesBuildPhase section */

/* Begin XCBuildConfiguration section */
		A03432292ACE88C80007E564 /* Debug */ = {
			isa = XCBuildConfiguration;
			buildSettings = {
				ALWAYS_SEARCH_USER_PATHS = NO;
				ASSETCATALOG_COMPILER_GENERATE_SWIFT_ASSET_SYMBOL_EXTENSIONS = YES;
				CLANG_ANALYZER_NONNULL = YES;
				CLANG_ANALYZER_NUMBER_OBJECT_CONVERSION = YES_AGGRESSIVE;
				CLANG_CXX_LANGUAGE_STANDARD = "gnu++20";
				CLANG_ENABLE_MODULES = YES;
				CLANG_ENABLE_OBJC_ARC = YES;
				CLANG_ENABLE_OBJC_WEAK = YES;
				CLANG_WARN_BLOCK_CAPTURE_AUTORELEASING = YES;
				CLANG_WARN_BOOL_CONVERSION = YES;
				CLANG_WARN_COMMA = YES;
				CLANG_WARN_CONSTANT_CONVERSION = YES;
				CLANG_WARN_DEPRECATED_OBJC_IMPLEMENTATIONS = YES;
				CLANG_WARN_DIRECT_OBJC_ISA_USAGE = YES_ERROR;
				CLANG_WARN_DOCUMENTATION_COMMENTS = YES;
				CLANG_WARN_EMPTY_BODY = YES;
				CLANG_WARN_ENUM_CONVERSION = YES;
				CLANG_WARN_INFINITE_RECURSION = YES;
				CLANG_WARN_INT_CONVERSION = YES;
				CLANG_WARN_NON_LITERAL_NULL_CONVERSION = YES;
				CLANG_WARN_OBJC_IMPLICIT_RETAIN_SELF = YES;
				CLANG_WARN_OBJC_LITERAL_CONVERSION = YES;
				CLANG_WARN_OBJC_ROOT_CLASS = YES_ERROR;
				CLANG_WARN_QUOTED_INCLUDE_IN_FRAMEWORK_HEADER = YES;
				CLANG_WARN_RANGE_LOOP_ANALYSIS = YES;
				CLANG_WARN_STRICT_PROTOTYPES = YES;
				CLANG_WARN_SUSPICIOUS_MOVE = YES;
				CLANG_WARN_UNGUARDED_AVAILABILITY = YES_AGGRESSIVE;
				CLANG_WARN_UNREACHABLE_CODE = YES;
				CLANG_WARN__DUPLICATE_METHOD_MATCH = YES;
				COPY_PHASE_STRIP = NO;
				DEBUG_INFORMATION_FORMAT = dwarf;
				ENABLE_STRICT_OBJC_MSGSEND = YES;
				ENABLE_TESTABILITY = YES;
				ENABLE_USER_SCRIPT_SANDBOXING = YES;
				GCC_C_LANGUAGE_STANDARD = gnu17;
				GCC_DYNAMIC_NO_PIC = NO;
				GCC_NO_COMMON_BLOCKS = YES;
				GCC_OPTIMIZATION_LEVEL = 0;
				GCC_PREPROCESSOR_DEFINITIONS = (
					"DEBUG=1",
					"$(inherited)",
				);
				GCC_WARN_64_TO_32_BIT_CONVERSION = YES;
				GCC_WARN_ABOUT_RETURN_TYPE = YES_ERROR;
				GCC_WARN_UNDECLARED_SELECTOR = YES;
				GCC_WARN_UNINITIALIZED_AUTOS = YES_AGGRESSIVE;
				GCC_WARN_UNUSED_FUNCTION = YES;
				GCC_WARN_UNUSED_VARIABLE = YES;
				IPHONEOS_DEPLOYMENT_TARGET = 17.0;
				LOCALIZATION_PREFERS_STRING_CATALOGS = YES;
				MTL_ENABLE_DEBUG_INFO = INCLUDE_SOURCE;
				MTL_FAST_MATH = YES;
				ONLY_ACTIVE_ARCH = YES;
				SDKROOT = iphoneos;
				SWIFT_ACTIVE_COMPILATION_CONDITIONS = "DEBUG $(inherited)";
				SWIFT_OPTIMIZATION_LEVEL = "-Onone";
			};
			name = Debug;
		};
		A034322A2ACE88C80007E564 /* Release */ = {
			isa = XCBuildConfiguration;
			buildSettings = {
				ALWAYS_SEARCH_USER_PATHS = NO;
				ASSETCATALOG_COMPILER_GENERATE_SWIFT_ASSET_SYMBOL_EXTENSIONS = YES;
				CLANG_ANALYZER_NONNULL = YES;
				CLANG_ANALYZER_NUMBER_OBJECT_CONVERSION = YES_AGGRESSIVE;
				CLANG_CXX_LANGUAGE_STANDARD = "gnu++20";
				CLANG_ENABLE_MODULES = YES;
				CLANG_ENABLE_OBJC_ARC = YES;
				CLANG_ENABLE_OBJC_WEAK = YES;
				CLANG_WARN_BLOCK_CAPTURE_AUTORELEASING = YES;
				CLANG_WARN_BOOL_CONVERSION = YES;
				CLANG_WARN_COMMA = YES;
				CLANG_WARN_CONSTANT_CONVERSION = YES;
				CLANG_WARN_DEPRECATED_OBJC_IMPLEMENTATIONS = YES;
				CLANG_WARN_DIRECT_OBJC_ISA_USAGE = YES_ERROR;
				CLANG_WARN_DOCUMENTATION_COMMENTS = YES;
				CLANG_WARN_EMPTY_BODY = YES;
				CLANG_WARN_ENUM_CONVERSION = YES;
				CLANG_WARN_INFINITE_RECURSION = YES;
				CLANG_WARN_INT_CONVERSION = YES;
				CLANG_WARN_NON_LITERAL_NULL_CONVERSION = YES;
				CLANG_WARN_OBJC_IMPLICIT_RETAIN_SELF = YES;
				CLANG_WARN_OBJC_LITERAL_CONVERSION = YES;
				CLANG_WARN_OBJC_ROOT_CLASS = YES_ERROR;
				CLANG_WARN_QUOTED_INCLUDE_IN_FRAMEWORK_HEADER = YES;
				CLANG_WARN_RANGE_LOOP_ANALYSIS = YES;
				CLANG_WARN_STRICT_PROTOTYPES = YES;
				CLANG_WARN_SUSPICIOUS_MOVE = YES;
				CLANG_WARN_UNGUARDED_AVAILABILITY = YES_AGGRESSIVE;
				CLANG_WARN_UNREACHABLE_CODE = YES;
				CLANG_WARN__DUPLICATE_METHOD_MATCH = YES;
				COPY_PHASE_STRIP = NO;
				DEBUG_INFORMATION_FORMAT = "dwarf-with-dsym";
				ENABLE_NS_ASSERTIONS = NO;
				ENABLE_STRICT_OBJC_MSGSEND = YES;
				ENABLE_USER_SCRIPT_SANDBOXING = YES;
				GCC_C_LANGUAGE_STANDARD = gnu17;
				GCC_NO_COMMON_BLOCKS = YES;
				GCC_WARN_64_TO_32_BIT_CONVERSION = YES;
				GCC_WARN_ABOUT_RETURN_TYPE = YES_ERROR;
				GCC_WARN_UNDECLARED_SELECTOR = YES;
				GCC_WARN_UNINITIALIZED_AUTOS = YES_AGGRESSIVE;
				GCC_WARN_UNUSED_FUNCTION = YES;
				GCC_WARN_UNUSED_VARIABLE = YES;
				IPHONEOS_DEPLOYMENT_TARGET = 17.0;
				LOCALIZATION_PREFERS_STRING_CATALOGS = YES;
				MTL_ENABLE_DEBUG_INFO = NO;
				MTL_FAST_MATH = YES;
				SDKROOT = iphoneos;
				SWIFT_COMPILATION_MODE = wholemodule;
				VALIDATE_PRODUCT = YES;
			};
			name = Release;
		};
		A034322C2ACE88C80007E564 /* Debug */ = {
			isa = XCBuildConfiguration;
			buildSettings = {
				ASSETCATALOG_COMPILER_APPICON_NAME = AppIcon;
				ASSETCATALOG_COMPILER_GLOBAL_ACCENT_COLOR_NAME = AccentColor;
				CODE_SIGN_STYLE = Automatic;
				CURRENT_PROJECT_VERSION = 1;
				DEVELOPMENT_ASSET_PATHS = "\"SnackShop/Preview Content\"";
				DEVELOPMENT_TEAM = J2TT6HQZJW;
				ENABLE_PREVIEWS = YES;
				GENERATE_INFOPLIST_FILE = YES;
				INFOPLIST_KEY_UIApplicationSceneManifest_Generation = YES;
				INFOPLIST_KEY_UIApplicationSupportsIndirectInputEvents = YES;
				INFOPLIST_KEY_UILaunchScreen_Generation = YES;
				INFOPLIST_KEY_UISupportedInterfaceOrientations_iPad = "UIInterfaceOrientationPortrait UIInterfaceOrientationPortraitUpsideDown UIInterfaceOrientationLandscapeLeft UIInterfaceOrientationLandscapeRight";
				INFOPLIST_KEY_UISupportedInterfaceOrientations_iPhone = "UIInterfaceOrientationPortrait UIInterfaceOrientationLandscapeLeft UIInterfaceOrientationLandscapeRight";
				LD_RUNPATH_SEARCH_PATHS = (
					"$(inherited)",
					"@executable_path/Frameworks",
				);
				MARKETING_VERSION = 1.0;
				PRODUCT_BUNDLE_IDENTIFIER = com.SnackShop;
				PRODUCT_NAME = "$(TARGET_NAME)";
				SWIFT_EMIT_LOC_STRINGS = YES;
				SWIFT_VERSION = 5.0;
				TARGETED_DEVICE_FAMILY = "1,2";
			};
			name = Debug;
		};
		A034322D2ACE88C80007E564 /* Release */ = {
			isa = XCBuildConfiguration;
			buildSettings = {
				ASSETCATALOG_COMPILER_APPICON_NAME = AppIcon;
				ASSETCATALOG_COMPILER_GLOBAL_ACCENT_COLOR_NAME = AccentColor;
				CODE_SIGN_STYLE = Automatic;
				CURRENT_PROJECT_VERSION = 1;
				DEVELOPMENT_ASSET_PATHS = "\"SnackShop/Preview Content\"";
				DEVELOPMENT_TEAM = J2TT6HQZJW;
				ENABLE_PREVIEWS = YES;
				GENERATE_INFOPLIST_FILE = YES;
				INFOPLIST_KEY_UIApplicationSceneManifest_Generation = YES;
				INFOPLIST_KEY_UIApplicationSupportsIndirectInputEvents = YES;
				INFOPLIST_KEY_UILaunchScreen_Generation = YES;
				INFOPLIST_KEY_UISupportedInterfaceOrientations_iPad = "UIInterfaceOrientationPortrait UIInterfaceOrientationPortraitUpsideDown UIInterfaceOrientationLandscapeLeft UIInterfaceOrientationLandscapeRight";
				INFOPLIST_KEY_UISupportedInterfaceOrientations_iPhone = "UIInterfaceOrientationPortrait UIInterfaceOrientationLandscapeLeft UIInterfaceOrientationLandscapeRight";
				LD_RUNPATH_SEARCH_PATHS = (
					"$(inherited)",
					"@executable_path/Frameworks",
				);
				MARKETING_VERSION = 1.0;
				PRODUCT_BUNDLE_IDENTIFIER = com.SnackShop;
				PRODUCT_NAME = "$(TARGET_NAME)";
				SWIFT_EMIT_LOC_STRINGS = YES;
				SWIFT_VERSION = 5.0;
				TARGETED_DEVICE_FAMILY = "1,2";
			};
			name = Release;
		};
/* End XCBuildConfiguration section */

/* Begin XCConfigurationList section */
		A03432182ACE88C60007E564 /* Build configuration list for PBXProject "SnackShop" */ = {
			isa = XCConfigurationList;
			buildConfigurations = (
				A03432292ACE88C80007E564 /* Debug */,
				A034322A2ACE88C80007E564 /* Release */,
			);
			defaultConfigurationIsVisible = 0;
			defaultConfigurationName = Release;
		};
		A034322B2ACE88C80007E564 /* Build configuration list for PBXNativeTarget "SnackShop" */ = {
			isa = XCConfigurationList;
			buildConfigurations = (
				A034322C2ACE88C80007E564 /* Debug */,
				A034322D2ACE88C80007E564 /* Release */,
			);
			defaultConfigurationIsVisible = 0;
			defaultConfigurationName = Release;
		};
/* End XCConfigurationList section */
	};
	rootObject = A03432152ACE88C60007E564 /* Project object */;
}
